
Microsoft Visual Studio Solution File, Format Version 12.00
# Visual Studio Version 17
VisualStudioVersion = 17.3.32901.215
MinimumVisualStudioVersion = 10.0.40219.1
Project("{FAE04EC0-301F-11D3-BF4B-00C04F79EFBC}") = "ClassPraktika", "ClassPraktika\ClassPraktika.csproj", "{F96AAA34-9A77-4DE8-8586-3D977A95C0E1}"
EndProject
Global
	GlobalSection(SolutionConfigurationPlatforms) = preSolution
		Debug|Any CPU = Debug|Any CPU
		Release|Any CPU = Release|Any CPU
	EndGlobalSection
	GlobalSection(ProjectConfigurationPlatforms) = postSolution
		{F96AAA34-9A77-4DE8-8586-3D977A95C0E1}.Debug|Any CPU.ActiveCfg = Debug|Any CPU
		{F96AAA34-9A77-4DE8-8586-3D977A95C0E1}.Debug|Any CPU.Build.0 = Debug|Any CPU
		{F96AAA34-9A77-4DE8-8586-3D977A95C0E1}.Release|Any CPU.ActiveCfg = Release|Any CPU
		{F96AAA34-9A77-4DE8-8586-3D977A95C0E1}.Release|Any CPU.Build.0 = Release|Any CPU
	EndGlobalSection
	GlobalSection(SolutionProperties) = preSolution
		HideSolutionNode = FALSE
	EndGlobalSection
	GlobalSection(ExtensibilityGlobals) = postSolution
		SolutionGuid = {6D9A7537-A8B9-47C5-9A57-8A852268CB57}
	EndGlobalSection
EndGlobal
